
Microsoft Visual Studio Solution File, Format Version 12.00
# Visual Studio Version 17
VisualStudioVersion = 17.8.34408.163
MinimumVisualStudioVersion = 10.0.40219.1
Project("{9A19103F-16F7-4668-BE54-9A1E7A4F7556}") = "List creating", "List creating\List creating.csproj", "{97559B16-4961-41E6-A05E-ED5427D478B0}"
EndProject
Project("{FAE04EC0-301F-11D3-BF4B-00C04F79EFBC}") = "zad 1", "zad 1\zad 1.csproj", "{BDCF2579-34E6-4758-9B71-6381B3E5B2C6}"
EndProject
Project("{FAE04EC0-301F-11D3-BF4B-00C04F79EFBC}") = "zad 2", "zad 2\zad 2.csproj", "{05A78425-E988-4A52-B53F-B1F708660AFF}"
EndProject
Project("{FAE04EC0-301F-11D3-BF4B-00C04F79EFBC}") = "zad 3", "zad 3\zad 3.csproj", "{C114F38B-346B-4250-81E3-09B6B6F2FF5E}"
EndProject
Project("{FAE04EC0-301F-11D3-BF4B-00C04F79EFBC}") = "zad 4", "zad 4\zad 4.csproj", "{8F5AF916-06ED-417A-ABB1-246F7EE90E43}"
EndProject
Project("{FAE04EC0-301F-11D3-BF4B-00C04F79EFBC}") = "zad 5", "zad 5\zad 5.csproj", "{86FA572E-314B-4A8D-B893-989B7C47169A}"
EndProject
Project("{FAE04EC0-301F-11D3-BF4B-00C04F79EFBC}") = "zad 6", "zad 6\zad 6.csproj", "{05FF5419-B8EE-4D09-954A-E3E249C642E5}"
EndProject
Project("{FAE04EC0-301F-11D3-BF4B-00C04F79EFBC}") = "zad 7", "zad 7\zad 7.csproj", "{91F9B00A-FFB5-48FD-8313-76AFB53631BF}"
EndProject
Project("{FAE04EC0-301F-11D3-BF4B-00C04F79EFBC}") = "zad 8", "zad 8\zad 8.csproj", "{DC6A8B40-C150-4BC8-8C0C-0027901E678D}"
EndProject
Project("{FAE04EC0-301F-11D3-BF4B-00C04F79EFBC}") = "zad 9", "zad 9\zad 9.csproj", "{6C5532E6-6B9C-4F65-83CB-54071301C600}"
EndProject
Global
	GlobalSection(SolutionConfigurationPlatforms) = preSolution
		Debug|Any CPU = Debug|Any CPU
		Release|Any CPU = Release|Any CPU
	EndGlobalSection
	GlobalSection(ProjectConfigurationPlatforms) = postSolution
		{97559B16-4961-41E6-A05E-ED5427D478B0}.Debug|Any CPU.ActiveCfg = Debug|Any CPU
		{97559B16-4961-41E6-A05E-ED5427D478B0}.Debug|Any CPU.Build.0 = Debug|Any CPU
		{97559B16-4961-41E6-A05E-ED5427D478B0}.Release|Any CPU.ActiveCfg = Release|Any CPU
		{97559B16-4961-41E6-A05E-ED5427D478B0}.Release|Any CPU.Build.0 = Release|Any CPU
		{BDCF2579-34E6-4758-9B71-6381B3E5B2C6}.Debug|Any CPU.ActiveCfg = Debug|Any CPU
		{BDCF2579-34E6-4758-9B71-6381B3E5B2C6}.Debug|Any CPU.Build.0 = Debug|Any CPU
		{BDCF2579-34E6-4758-9B71-6381B3E5B2C6}.Release|Any CPU.ActiveCfg = Release|Any CPU
		{BDCF2579-34E6-4758-9B71-6381B3E5B2C6}.Release|Any CPU.Build.0 = Release|Any CPU
		{05A78425-E988-4A52-B53F-B1F708660AFF}.Debug|Any CPU.ActiveCfg = Debug|Any CPU
		{05A78425-E988-4A52-B53F-B1F708660AFF}.Debug|Any CPU.Build.0 = Debug|Any CPU
		{05A78425-E988-4A52-B53F-B1F708660AFF}.Release|Any CPU.ActiveCfg = Release|Any CPU
		{05A78425-E988-4A52-B53F-B1F708660AFF}.Release|Any CPU.Build.0 = Release|Any CPU
		{C114F38B-346B-4250-81E3-09B6B6F2FF5E}.Debug|Any CPU.ActiveCfg = Debug|Any CPU
		{C114F38B-346B-4250-81E3-09B6B6F2FF5E}.Debug|Any CPU.Build.0 = Debug|Any CPU
		{C114F38B-346B-4250-81E3-09B6B6F2FF5E}.Release|Any CPU.ActiveCfg = Release|Any CPU
		{C114F38B-346B-4250-81E3-09B6B6F2FF5E}.Release|Any CPU.Build.0 = Release|Any CPU
		{8F5AF916-06ED-417A-ABB1-246F7EE90E43}.Debug|Any CPU.ActiveCfg = Debug|Any CPU
		{8F5AF916-06ED-417A-ABB1-246F7EE90E43}.Debug|Any CPU.Build.0 = Debug|Any CPU
		{8F5AF916-06ED-417A-ABB1-246F7EE90E43}.Release|Any CPU.ActiveCfg = Release|Any CPU
		{8F5AF916-06ED-417A-ABB1-246F7EE90E43}.Release|Any CPU.Build.0 = Release|Any CPU
		{86FA572E-314B-4A8D-B893-989B7C47169A}.Debug|Any CPU.ActiveCfg = Debug|Any CPU
		{86FA572E-314B-4A8D-B893-989B7C47169A}.Debug|Any CPU.Build.0 = Debug|Any CPU
		{86FA572E-314B-4A8D-B893-989B7C47169A}.Release|Any CPU.ActiveCfg = Release|Any CPU
		{86FA572E-314B-4A8D-B893-989B7C47169A}.Release|Any CPU.Build.0 = Release|Any CPU
		{05FF5419-B8EE-4D09-954A-E3E249C642E5}.Debug|Any CPU.ActiveCfg = Debug|Any CPU
		{05FF5419-B8EE-4D09-954A-E3E249C642E5}.Debug|Any CPU.Build.0 = Debug|Any CPU
		{05FF5419-B8EE-4D09-954A-E3E249C642E5}.Release|Any CPU.ActiveCfg = Release|Any CPU
		{05FF5419-B8EE-4D09-954A-E3E249C642E5}.Release|Any CPU.Build.0 = Release|Any CPU
		{91F9B00A-FFB5-48FD-8313-76AFB53631BF}.Debug|Any CPU.ActiveCfg = Debug|Any CPU
		{91F9B00A-FFB5-48FD-8313-76AFB53631BF}.Debug|Any CPU.Build.0 = Debug|Any CPU
		{91F9B00A-FFB5-48FD-8313-76AFB53631BF}.Release|Any CPU.ActiveCfg = Release|Any CPU
		{91F9B00A-FFB5-48FD-8313-76AFB53631BF}.Release|Any CPU.Build.0 = Release|Any CPU
		{DC6A8B40-C150-4BC8-8C0C-0027901E678D}.Debug|Any CPU.ActiveCfg = Debug|Any CPU
		{DC6A8B40-C150-4BC8-8C0C-0027901E678D}.Debug|Any CPU.Build.0 = Debug|Any CPU
		{DC6A8B40-C150-4BC8-8C0C-0027901E678D}.Release|Any CPU.ActiveCfg = Release|Any CPU
		{DC6A8B40-C150-4BC8-8C0C-0027901E678D}.Release|Any CPU.Build.0 = Release|Any CPU
		{6C5532E6-6B9C-4F65-83CB-54071301C600}.Debug|Any CPU.ActiveCfg = Debug|Any CPU
		{6C5532E6-6B9C-4F65-83CB-54071301C600}.Debug|Any CPU.Build.0 = Debug|Any CPU
		{6C5532E6-6B9C-4F65-83CB-54071301C600}.Release|Any CPU.ActiveCfg = Release|Any CPU
		{6C5532E6-6B9C-4F65-83CB-54071301C600}.Release|Any CPU.Build.0 = Release|Any CPU
	EndGlobalSection
	GlobalSection(SolutionProperties) = preSolution
		HideSolutionNode = FALSE
	EndGlobalSection
	GlobalSection(ExtensibilityGlobals) = postSolution
		SolutionGuid = {6C448B60-DFA2-4DD9-9DA9-00187D0862D4}
	EndGlobalSection
EndGlobal
